# THIS IS AN AUTOGENERATED FILE. DO NOT EDIT THIS FILE DIRECTLY.
# yarn lockfile v1


"@apidevtools/swagger-methods@^3.0.2":
  version "3.0.2"
  resolved "https://registry.yarnpkg.com/@apidevtools/swagger-methods/-/swagger-methods-3.0.2.tgz#b789a362e055b0340d04712eafe7027ddc1ac267"
  integrity sha512-QAkD5kK2b1WfjDS/UQn/qQkbwF31uqRjPTrsCs5ZG9BQGAkjwvqGFjjPqAuzac/IYzpPtRzjCP1WrTuAIjMrXg==

"@babel/code-frame@^7.22.5":
  version "7.26.2"
  resolved "https://registry.yarnpkg.com/@babel/code-frame/-/code-frame-7.26.2.tgz#4b5fab97d33338eff916235055f0ebc21e573a85"
  integrity sha512-RJlIHRueQgwWitWgF8OdFYGZX328Ax5BCemNGlqHfplnRT9ESi8JkFlvaVYbS+UubVY6dpv87Fs2u5M29iNFVQ==
  dependencies:
    "@babel/helper-validator-identifier" "^7.25.9"
    js-tokens "^4.0.0"
    picocolors "^1.0.0"

"@babel/helper-validator-identifier@^7.25.9":
  version "7.25.9"
  resolved "https://registry.yarnpkg.com/@babel/helper-validator-identifier/-/helper-validator-identifier-7.25.9.tgz#24b64e2c3ec7cd3b3c547729b8d16871f22cbdc7"
  integrity sha512-Ed61U6XJc3CVRfkERJWDz4dJwKe7iLmmJsbOGu9wSloNSFttHV0I8g6UAgb7qnK5ly5bGLPd4oXZlxCdANBOWQ==

"@babel/runtime@^7.22.5":
  version "7.27.0"
  resolved "https://registry.yarnpkg.com/@babel/runtime/-/runtime-7.27.0.tgz#fbee7cf97c709518ecc1f590984481d5460d4762"
  integrity sha512-VtPOkrdPHZsKc/clNqyi9WUA8TINkZ4cGk63UUE3u4pmB2k+ZMQRDuIOagv8UVd6j7k0T3+RRIb7beKTebNbcw==
  dependencies:
    regenerator-runtime "^0.14.0"

"@humanwhocodes/momoa@^2.0.3":
  version "2.0.4"
  resolved "https://registry.yarnpkg.com/@humanwhocodes/momoa/-/momoa-2.0.4.tgz#8b9e7a629651d15009c3587d07a222deeb829385"
  integrity sha512-RE815I4arJFtt+FVeU1Tgp9/Xvecacji8w/V6XtXsWWH/wz/eNkNbhb+ny/+PlVZjV0rxQpRSQKNKE3lcktHEA==

"@jsdevtools/ono@^7.1.3":
  version "7.1.3"
  resolved "https://registry.yarnpkg.com/@jsdevtools/ono/-/ono-7.1.3.tgz#9df03bbd7c696a5c58885c34aa06da41c8543796"
  integrity sha512-4JQNk+3mVzK3xh2rqd6RB4J46qUR19azEHBneZyTZM+c456qOrbbM/5xcR8huNCCcbVt7+UmizG6GuUvPvKUYg==

"@readme/better-ajv-errors@^2.0.0":
  version "2.3.2"
  resolved "https://registry.yarnpkg.com/@readme/better-ajv-errors/-/better-ajv-errors-2.3.2.tgz#e2446332d77f13eb895cf7774f775a81031b6c8b"
  integrity sha512-T4GGnRAlY3C339NhoUpgJJFsMYko9vIgFAlhgV+/vEGFw66qEY4a4TRJIAZBcX/qT1pq5DvXSme+SQODHOoBrw==
  dependencies:
    "@babel/code-frame" "^7.22.5"
    "@babel/runtime" "^7.22.5"
    "@humanwhocodes/momoa" "^2.0.3"
    jsonpointer "^5.0.0"
    leven "^3.1.0"
    picocolors "^1.1.1"

"@readme/json-schema-ref-parser@^1.2.0":
  version "1.2.0"
  resolved "https://registry.yarnpkg.com/@readme/json-schema-ref-parser/-/json-schema-ref-parser-1.2.0.tgz#8552cde8f8ecf455398c59aa6e2cf5ed2d0f3d31"
  integrity sha512-Bt3QVovFSua4QmHa65EHUmh2xS0XJ3rgTEUPH998f4OW4VVJke3BuS16f+kM0ZLOGdvIrzrPRqwihuv5BAjtrA==
  dependencies:
    "@jsdevtools/ono" "^7.1.3"
    "@types/json-schema" "^7.0.6"
    call-me-maybe "^1.0.1"
    js-yaml "^4.1.0"

"@readme/openapi-parser@^2.5.0":
  version "2.7.0"
  resolved "https://registry.yarnpkg.com/@readme/openapi-parser/-/openapi-parser-2.7.0.tgz#727ef369b198ae85705350892eaad40c8a8cd40c"
  integrity sha512-P8WSr8WTOxilnT89tcCRKWYsG/II4sAwt1a/DIWub8xTtkrG9cCBBy/IUcvc5X8oGWN82MwcTA3uEkDrXZd/7A==
  dependencies:
    "@apidevtools/swagger-methods" "^3.0.2"
    "@jsdevtools/ono" "^7.1.3"
    "@readme/better-ajv-errors" "^2.0.0"
    "@readme/json-schema-ref-parser" "^1.2.0"
    "@readme/openapi-schemas" "^3.1.0"
    ajv "^8.12.0"
    ajv-draft-04 "^1.0.0"
    call-me-maybe "^1.0.1"

"@readme/openapi-schemas@^3.1.0":
  version "3.1.0"
  resolved "https://registry.yarnpkg.com/@readme/openapi-schemas/-/openapi-schemas-3.1.0.tgz#5ff4b704af6a8b108f9d577fd87cf73e9e7b3178"
  integrity sha512-9FC/6ho8uFa8fV50+FPy/ngWN53jaUu4GRXlAjcxIRrzhltJnpKkBG2Tp0IDraFJeWrOpk84RJ9EMEEYzaI1Bw==

"@types/bun@^1.0.12":
  version "1.2.6"
  resolved "https://registry.yarnpkg.com/@types/bun/-/bun-1.2.6.tgz#cff5a4afd7c98d5a286dea4386cce961e3552fdc"
  integrity sha512-fY9CAmTdJH1Llx7rugB0FpgWK2RKuHCs3g2cFDYXUutIy1QGiPQxKkGY8owhfZ4MXWNfxwIbQLChgH5gDsY7vw==
  dependencies:
    bun-types "1.2.6"

"@types/json-schema@^7.0.6":
  version "7.0.15"
  resolved "https://registry.yarnpkg.com/@types/json-schema/-/json-schema-7.0.15.tgz#596a1747233694d50f6ad8a7869fcb6f56cf5841"
  integrity sha512-5+fP8P8MFNC+AyZCDxrB2pkZFPGzqQWUzpSeuuVLvm8VMcorNYavBqoFcxK8bQz4Qsbn4oUEEem4wDLfcysGHA==

"@types/node@*":
  version "22.13.13"
  resolved "https://registry.yarnpkg.com/@types/node/-/node-22.13.13.tgz#5e7d110fb509b0d4a43fbf48fa9d6e0f83e1b1e7"
  integrity sha512-ClsL5nMwKaBRwPcCvH8E7+nU4GxHVx1axNvMZTFHMEfNI7oahimt26P5zjVCRrjiIWj6YFXfE1v3dEp94wLcGQ==
  dependencies:
    undici-types "~6.20.0"

"@types/node@^20.12.3":
  version "20.17.27"
  resolved "https://registry.yarnpkg.com/@types/node/-/node-20.17.27.tgz#dbf0f9e6f905e9004045742f94e8413e20bad776"
  integrity sha512-U58sbKhDrthHlxHRJw7ZLiLDZGmAUOZUbpw0S6nL27sYUdhvgBLCRu/keSd6qcTsfArd1sRFCCBxzWATGr/0UA==
  dependencies:
    undici-types "~6.19.2"

"@types/ws@~8.5.10":
  version "8.5.14"
  resolved "https://registry.yarnpkg.com/@types/ws/-/ws-8.5.14.tgz#93d44b268c9127d96026cf44353725dd9b6c3c21"
  integrity sha512-bd/YFLW+URhBzMXurx7lWByOu+xzU9+kb3RboOteXYDfW+tr+JZa99OyNmPINEGB/ahzKrEuc8rcv4gnpJmxTw==
  dependencies:
    "@types/node" "*"

ajv-draft-04@^1.0.0:
  version "1.0.0"
  resolved "https://registry.yarnpkg.com/ajv-draft-04/-/ajv-draft-04-1.0.0.tgz#3b64761b268ba0b9e668f0b41ba53fce0ad77fc8"
  integrity sha512-mv00Te6nmYbRp5DCwclxtt7yV/joXJPGS7nM+97GdxvuttCOfgI3K4U25zboyeX0O+myI8ERluxQe5wljMmVIw==

ajv@^8.12.0:
  version "8.17.1"
  resolved "https://registry.yarnpkg.com/ajv/-/ajv-8.17.1.tgz#37d9a5c776af6bc92d7f4f9510eba4c0a60d11a6"
  integrity sha512-B/gBuNg5SiMTrPkC+A2+cW0RszwxYmn6VYxB/inlBStS5nx6xHIt/ehKRhIMhqusl7a8LjQoZnjCs5vhwxOQ1g==
  dependencies:
    fast-deep-equal "^3.1.3"
    fast-uri "^3.0.1"
    json-schema-traverse "^1.0.0"
    require-from-string "^2.0.2"

argparse@^2.0.1:
  version "2.0.1"
  resolved "https://registry.yarnpkg.com/argparse/-/argparse-2.0.1.tgz#246f50f3ca78a3240f6c997e8a9bd1eac49e4b38"
  integrity sha512-8+9WqebbFzpX9OR+Wa6O29asIogeRMzcGtAINdpMHHyAg10f05aSFVBbcEqGf/PXw1EjAZ+q2/bEBg3DvurK3Q==

bun-types@1.2.6:
  version "1.2.6"
  resolved "https://registry.yarnpkg.com/bun-types/-/bun-types-1.2.6.tgz#6e89fa9009bc85ab60ca206383b7c9468260fca6"
  integrity sha512-FbCKyr5KDiPULUzN/nm5oqQs9nXCHD8dVc64BArxJadCvbNzAI6lUWGh9fSJZWeDIRD38ikceBU8Kj/Uh+53oQ==
  dependencies:
    "@types/node" "*"
    "@types/ws" "~8.5.10"

call-me-maybe@^1.0.1:
  version "1.0.2"
  resolved "https://registry.yarnpkg.com/call-me-maybe/-/call-me-maybe-1.0.2.tgz#03f964f19522ba643b1b0693acb9152fe2074baa"
  integrity sha512-HpX65o1Hnr9HH25ojC1YGs7HCQLq0GCOibSaWER0eNpgJ/Z1MZv2mTc7+xh6WOPxbRVcmgbv4hGU+uSQ/2xFZQ==

fast-deep-equal@^3.1.3:
  version "3.1.3"
  resolved "https://registry.yarnpkg.com/fast-deep-equal/-/fast-deep-equal-3.1.3.tgz#3a7d56b559d6cbc3eb512325244e619a65c6c525"
  integrity sha512-f3qQ9oQy9j2AhBe/H9VC91wLmKBCCU/gDOnKNAYG5hswO7BLKj09Hc5HYNz9cGI++xlpDCIgDaitVs03ATR84Q==

fast-uri@^3.0.1:
  version "3.0.6"
  resolved "https://registry.yarnpkg.com/fast-uri/-/fast-uri-3.0.6.tgz#88f130b77cfaea2378d56bf970dea21257a68748"
  integrity sha512-Atfo14OibSv5wAp4VWNsFYE1AchQRTv9cBGWET4pZWHzYshFSS9NQI6I57rdKn9croWVMbYFbLhJ+yJvmZIIHw==

js-tokens@^4.0.0:
  version "4.0.0"
  resolved "https://registry.yarnpkg.com/js-tokens/-/js-tokens-4.0.0.tgz#19203fb59991df98e3a287050d4647cdeaf32499"
  integrity sha512-RdJUflcE3cUzKiMqQgsCu06FPu9UdIJO0beYbPhHN4k6apgJtifcoCtT9bcxOpYBtpD2kCM6Sbzg4CausW/PKQ==

js-yaml@^4.1.0:
  version "4.1.0"
  resolved "https://registry.yarnpkg.com/js-yaml/-/js-yaml-4.1.0.tgz#c1fb65f8f5017901cdd2c951864ba18458a10602"
  integrity sha512-wpxZs9NoxZaJESJGIZTyDEaYpl0FKSA+FB9aJiyemKhMwkxQg63h4T1KJgUGHpTqPDNRcmmYLugrRjJlBtWvRA==
  dependencies:
    argparse "^2.0.1"

json-schema-traverse@^1.0.0:
  version "1.0.0"
  resolved "https://registry.yarnpkg.com/json-schema-traverse/-/json-schema-traverse-1.0.0.tgz#ae7bcb3656ab77a73ba5c49bf654f38e6b6860e2"
  integrity sha512-NM8/P9n3XjXhIZn1lLhkFaACTOURQXjWhV4BA/RnOv8xvgqtqpAX9IO4mRQxSx1Rlo4tqzeqb0sOlruaOy3dug==

jsonpointer@^5.0.0:
  version "5.0.1"
  resolved "https://registry.yarnpkg.com/jsonpointer/-/jsonpointer-5.0.1.tgz#2110e0af0900fd37467b5907ecd13a7884a1b559"
  integrity sha512-p/nXbhSEcu3pZRdkW1OfJhpsVtW1gd4Wa1fnQc9YLiTfAjn0312eMKimbdIQzuZl9aa9xUGaRlP9T/CJE/ditQ==

leven@^3.1.0:
  version "3.1.0"
  resolved "https://registry.yarnpkg.com/leven/-/leven-3.1.0.tgz#77891de834064cccba82ae7842bb6b14a13ed7f2"
  integrity sha512-qsda+H8jTaUaN/x5vzW2rzc+8Rw4TAQ/4KjB46IwK5VH+IlVeeeje/EoZRpiXvIqjFgK84QffqPztGI3VBLG1A==

openapi-types@^12.1.3:
  version "12.1.3"
  resolved "https://registry.yarnpkg.com/openapi-types/-/openapi-types-12.1.3.tgz#471995eb26c4b97b7bd356aacf7b91b73e777dd3"
  integrity sha512-N4YtSYJqghVu4iek2ZUvcN/0aqH1kRDuNqzcycDxhOUpg7GdvLa2F3DgS6yBNhInhv2r/6I0Flkn7CqL8+nIcw==

picocolors@^1.0.0, picocolors@^1.1.1:
  version "1.1.1"
  resolved "https://registry.yarnpkg.com/picocolors/-/picocolors-1.1.1.tgz#3d321af3eab939b083c8f929a1d12cda81c26b6b"
  integrity sha512-xceH2snhtb5M9liqDsmEw56le376mTZkEX/jEb/RxNFyegNul7eNslCXP9FDj/Lcu0X8KEyMceP2ntpaHrDEVA==

prettier@^3.2.5:
  version "3.5.3"
  resolved "https://registry.yarnpkg.com/prettier/-/prettier-3.5.3.tgz#4fc2ce0d657e7a02e602549f053b239cb7dfe1b5"
  integrity sha512-QQtaxnoDJeAkDvDKWCLiwIXkTgRhwYDEQCghU9Z6q03iyek/rxRh/2lC3HB7P8sWT2xC/y5JDctPLBIGzHKbhw==

regenerator-runtime@^0.14.0:
  version "0.14.1"
  resolved "https://registry.yarnpkg.com/regenerator-runtime/-/regenerator-runtime-0.14.1.tgz#356ade10263f685dda125100cd862c1db895327f"
  integrity sha512-dYnhHh0nJoMfnkZs6GmmhFknAGRrLznOu5nc9ML+EJxGvrx6H7teuevqVqCuPcPK//3eDrrjQhehXVx9cnkGdw==

require-from-string@^2.0.2:
  version "2.0.2"
  resolved "https://registry.yarnpkg.com/require-from-string/-/require-from-string-2.0.2.tgz#89a7fdd938261267318eafe14f9c32e598c36909"
  integrity sha512-Xf0nWe6RseziFMu+Ap9biiUbmplq6S9/p+7w7YXP/JBHhrUDDUhwa+vANyubuqfZWTveU//DYVGsDG7RKL/vEw==

typescript@^5.4.3:
  version "5.8.2"
  resolved "https://registry.yarnpkg.com/typescript/-/typescript-5.8.2.tgz#8170b3702f74b79db2e5a96207c15e65807999e4"
  integrity sha512-aJn6wq13/afZp/jT9QZmwEjDqqvSGp1VT5GVg+f/t6/oVyrgXM6BY1h9BRh/O5p3PlUPAe+WuiEZOmb/49RqoQ==

undici-types@~6.19.2:
  version "6.19.8"
  resolved "https://registry.yarnpkg.com/undici-types/-/undici-types-6.19.8.tgz#35111c9d1437ab83a7cdc0abae2f26d88eda0a02"
  integrity sha512-ve2KP6f/JnbPBFyobGHuerC9g1FYGn/F8n1LWTwNxCEzd6IfqTwUQcNXgEtmmQ6DlRrC1hrSrBnCZPokRrDHjw==

undici-types@~6.20.0:
  version "6.20.0"
  resolved "https://registry.yarnpkg.com/undici-types/-/undici-types-6.20.0.tgz#8171bf22c1f588d1554d55bf204bc624af388433"
  integrity sha512-Ny6QZ2Nju20vw1SRHe3d9jVu6gJ+4e3+MMpqu7pqE5HT6WsTSlce++GQmK5UXS8mzV8DSYHrQH+Xrf2jVcuKNg==
